
Microsoft Visual Studio Solution File, Format Version 12.00
# Visual Studio Version 17
VisualStudioVersion = 17.5.002.0
MinimumVisualStudioVersion = 10.0.40219.1
Project("{9A19103F-16F7-4668-BE54-9A1E7A4F7556}") = "compex-sys-lab1", "compex-sys-lab1.csproj", "{57D01EDA-71D2-4DC9-9094-5E08AAB94E53}"
EndProject
Global
	GlobalSection(SolutionConfigurationPlatforms) = preSolution
		Debug|Any CPU = Debug|Any CPU
		Release|Any CPU = Release|Any CPU
	EndGlobalSection
	GlobalSection(ProjectConfigurationPlatforms) = postSolution
		{57D01EDA-71D2-4DC9-9094-5E08AAB94E53}.Debug|Any CPU.ActiveCfg = Debug|Any CPU
		{57D01EDA-71D2-4DC9-9094-5E08AAB94E53}.Debug|Any CPU.Build.0 = Debug|Any CPU
		{57D01EDA-71D2-4DC9-9094-5E08AAB94E53}.Release|Any CPU.ActiveCfg = Release|Any CPU
		{57D01EDA-71D2-4DC9-9094-5E08AAB94E53}.Release|Any CPU.Build.0 = Release|Any CPU
	EndGlobalSection
	GlobalSection(SolutionProperties) = preSolution
		HideSolutionNode = FALSE
	EndGlobalSection
	GlobalSection(ExtensibilityGlobals) = postSolution
		SolutionGuid = {61F08838-F0E9-4248-8402-BB6D8A15C546}
	EndGlobalSection
EndGlobal
